
Microsoft Visual Studio Solution File, Format Version 12.00
# Visual Studio Version 17
VisualStudioVersion = 17.14.36717.8 d17.14
MinimumVisualStudioVersion = 10.0.40219.1
Project("{FAE04EC0-301F-11D3-BF4B-00C04F79EFBC}") = "WpfTools", "WpfTools\WpfTools.csproj", "{3470B790-3963-4B22-B124-71F90AD9BF03}"
EndProject
Global
	GlobalSection(SolutionConfigurationPlatforms) = preSolution
		Debug|Any CPU = Debug|Any CPU
		Release|Any CPU = Release|Any CPU
	EndGlobalSection
	GlobalSection(ProjectConfigurationPlatforms) = postSolution
		{3470B790-3963-4B22-B124-71F90AD9BF03}.Debug|Any CPU.ActiveCfg = Debug|Any CPU
		{3470B790-3963-4B22-B124-71F90AD9BF03}.Debug|Any CPU.Build.0 = Debug|Any CPU
		{3470B790-3963-4B22-B124-71F90AD9BF03}.Release|Any CPU.ActiveCfg = Release|Any CPU
		{3470B790-3963-4B22-B124-71F90AD9BF03}.Release|Any CPU.Build.0 = Release|Any CPU
	EndGlobalSection
	GlobalSection(SolutionProperties) = preSolution
		HideSolutionNode = FALSE
	EndGlobalSection
	GlobalSection(ExtensibilityGlobals) = postSolution
		SolutionGuid = {4CC2450A-A39F-4142-9117-D47631CDF3E1}
	EndGlobalSection
EndGlobal
